
Microsoft Visual Studio Solution File, Format Version 12.00
# Visual Studio Version 17
VisualStudioVersion = 17.10.34916.146
MinimumVisualStudioVersion = 10.0.40219.1
Project("{FAE04EC0-301F-11D3-BF4B-00C04F79EFBC}") = "AMNEVH", "AMNEVH.csproj", "{BAAF1229-78B7-43BA-A743-6A3B48FAB684}"
EndProject
Global
	GlobalSection(SolutionConfigurationPlatforms) = preSolution
		Debug|Any CPU = Debug|Any CPU
		Release|Any CPU = Release|Any CPU
	EndGlobalSection
	GlobalSection(ProjectConfigurationPlatforms) = postSolution
		{BAAF1229-78B7-43BA-A743-6A3B48FAB684}.Debug|Any CPU.ActiveCfg = Debug|Any CPU
		{BAAF1229-78B7-43BA-A743-6A3B48FAB684}.Debug|Any CPU.Build.0 = Debug|Any CPU
		{BAAF1229-78B7-43BA-A743-6A3B48FAB684}.Release|Any CPU.ActiveCfg = Release|Any CPU
		{BAAF1229-78B7-43BA-A743-6A3B48FAB684}.Release|Any CPU.Build.0 = Release|Any CPU
	EndGlobalSection
	GlobalSection(SolutionProperties) = preSolution
		HideSolutionNode = FALSE
	EndGlobalSection
	GlobalSection(ExtensibilityGlobals) = postSolution
		SolutionGuid = {AD0814F8-B0F6-4C09-B228-8965510DD00B}
	EndGlobalSection
EndGlobal
